<?xml version="1.0" encoding="utf-8"?>
<Project ToolsVersion="4.0" xmlns="http://schemas.microsoft.com/developer/msbuild/2003">
  <ItemGroup>
    <Filter Include="源文件">
      <UniqueIdentifier>{4FC737F1-C7A5-4376-A066-2A32D752A2FF}</UniqueIdentifier>
      <Extensions>cpp;c;cc;cxx;c++;cppm;ixx;def;odl;idl;hpj;bat;asm;asmx</Extensions>
    </Filter>
    <Filter Include="头文件">
      <UniqueIdentifier>{93995380-89BD-4b04-88EB-625FBE52EBFB}</UniqueIdentifier>
      <Extensions>h;hh;hpp;hxx;h++;hm;inl;inc;ipp;xsd</Extensions>
    </Filter>
    <Filter Include="资源文件">
      <UniqueIdentifier>{67DA6AB6-F800-4c08-8B7A-83BB121AAD01}</UniqueIdentifier>
      <Extensions>rc;ico;cur;bmp;dlg;rc2;rct;bin;rgs;gif;jpg;jpeg;jpe;resx;tiff;tif;png;wav;mfcribbon-ms</Extensions>
    </Filter>
    <Filter Include="头文件\basc">
      <UniqueIdentifier>{933901c3-89f9-4377-af3b-b2b6edf5fa72}</UniqueIdentifier>
    </Filter>
    <Filter Include="源文件\basc">
      <UniqueIdentifier>{997a765b-af0c-4457-882b-939908b102c3}</UniqueIdentifier>
    </Filter>
  </ItemGroup>
  <ItemGroup>
    <ClCompile Include="main.cpp">
      <Filter>源文件</Filter>
    </ClCompile>
    <ClCompile Include="Admin.cpp">
      <Filter>源文件</Filter>
    </ClCompile>
    <ClCompile Include="Pre_page.cpp">
      <Filter>源文件</Filter>
    </ClCompile>
    <ClCompile Include="Window.cpp">
      <Filter>源文件</Filter>
    </ClCompile>
    <ClCompile Include="Panorama.h">
      <Filter>头文件\basc</Filter>
    </ClCompile>
    <ClCompile Include="Student_data.cpp">
      <Filter>源文件</Filter>
    </ClCompile>
    <ClCompile Include="Basc.cpp">
      <Filter>源文件\basc</Filter>
    </ClCompile>
    <ClCompile Include="Table.cpp">
      <Filter>源文件\basc</Filter>
    </ClCompile>
    <ClCompile Include="LineEdit.cpp">
      <Filter>源文件\basc</Filter>
    </ClCompile>
    <ClCompile Include="Button.cpp">
      <Filter>源文件\basc</Filter>
    </ClCompile>
    <ClCompile Include="AVLTree.cpp">
      <Filter>源文件</Filter>
    </ClCompile>
  </ItemGroup>
  <ItemGroup>
    <ClInclude Include="Admin.h">
      <Filter>头文件</Filter>
    </ClInclude>
    <ClInclude Include="Pre_page.h">
      <Filter>头文件</Filter>
    </ClInclude>
    <ClInclude Include="Window.h">
      <Filter>头文件</Filter>
    </ClInclude>
    <ClInclude Include="Button.h">
      <Filter>头文件</Filter>
    </ClInclude>
    <ClInclude Include="Basc.h">
      <Filter>头文件\basc</Filter>
    </ClInclude>
    <ClInclude Include="Student_data.h">
      <Filter>头文件</Filter>
    </ClInclude>
    <ClInclude Include="Table.h">
      <Filter>头文件\basc</Filter>
    </ClInclude>
    <ClInclude Include="LineEdit.h">
      <Filter>头文件\basc</Filter>
    </ClInclude>
    <ClInclude Include="AVLTree.h">
      <Filter>头文件</Filter>
    </ClInclude>
  </ItemGroup>
  <ItemGroup>
    <Image Include="C:\Users\YE\Desktop\pre.png">
      <Filter>资源文件</Filter>
    </Image>
  </ItemGroup>
</Project>